
Microsoft Visual Studio Solution File, Format Version 12.00
# Visual Studio Version 17
VisualStudioVersion = 17.14.36221.1 d17.14
MinimumVisualStudioVersion = 10.0.40219.1
Project("{FAE04EC0-301F-11D3-BF4B-00C04F79EFBC}") = "SQL injections - DEMO", "SQL injections - DEMO\SQL injections - DEMO.csproj", "{D9E6B68A-01CC-468B-B489-ED9E43702251}"
EndProject
Global
	GlobalSection(SolutionConfigurationPlatforms) = preSolution
		Debug|Any CPU = Debug|Any CPU
		Release|Any CPU = Release|Any CPU
	EndGlobalSection
	GlobalSection(ProjectConfigurationPlatforms) = postSolution
		{D9E6B68A-01CC-468B-B489-ED9E43702251}.Debug|Any CPU.ActiveCfg = Debug|Any CPU
		{D9E6B68A-01CC-468B-B489-ED9E43702251}.Debug|Any CPU.Build.0 = Debug|Any CPU
		{D9E6B68A-01CC-468B-B489-ED9E43702251}.Release|Any CPU.ActiveCfg = Release|Any CPU
		{D9E6B68A-01CC-468B-B489-ED9E43702251}.Release|Any CPU.Build.0 = Release|Any CPU
	EndGlobalSection
	GlobalSection(SolutionProperties) = preSolution
		HideSolutionNode = FALSE
	EndGlobalSection
	GlobalSection(ExtensibilityGlobals) = postSolution
		SolutionGuid = {0A67AD79-266E-45F0-86BA-B4200FC46E80}
	EndGlobalSection
EndGlobal
